Microsoft Visual Studio Solution File, Format Version 11.00
# Visual Studio 2008

Project("{99381175-7820-5F19-0558-DDD7AD373A3A}") = "oopC12733411", "Assembly-CSharp-vs.csproj", "{B43B49D5-DF4A-5689-4A99-D13AC719906D}"
EndProject
Global
	GlobalSection(SolutionConfigurationPlatforms) = preSolution
		Debug|Any CPU = Debug|Any CPU
		Release|Any CPU = Release|Any CPU
	EndGlobalSection
	GlobalSection(ProjectConfigurationPlatforms) = postSolution
		{B43B49D5-DF4A-5689-4A99-D13AC719906D}.Debug|Any CPU.ActiveCfg = Debug|Any CPU
		{B43B49D5-DF4A-5689-4A99-D13AC719906D}.Debug|Any CPU.Build.0 = Debug|Any CPU
		{B43B49D5-DF4A-5689-4A99-D13AC719906D}.Release|Any CPU.ActiveCfg = Release|Any CPU
		{B43B49D5-DF4A-5689-4A99-D13AC719906D}.Release|Any CPU.Build.0 = Release|Any CPU
	EndGlobalSection
	GlobalSection(SolutionProperties) = preSolution
		HideSolutionNode = FALSE
	EndGlobalSection
																	GlobalSection(MonoDevelopProperties) = preSolution
		StartupItem = Assembly-CSharp.csproj
		Policies = $0
		$0.TextStylePolicy = $1
		$1.inheritsSet = null
		$1.scope = text/x-csharp
		$0.CSharpFormattingPolicy = $2
		$2.inheritsSet = Mono
		$2.inheritsScope = text/x-csharp
		$2.scope = text/x-csharp
		$0.TextStylePolicy = $3
		$3.FileWidth = 120
		$3.TabWidth = 4
		$3.EolMarker = Unix
		$3.inheritsSet = Mono
		$3.inheritsScope = text/plain
		$3.scope = text/plain
	EndGlobalSection

EndGlobal
